
Microsoft Visual Studio Solution File, Format Version 12.00
# Visual Studio Version 16
VisualStudioVersion = 16.0.30225.117
MinimumVisualStudioVersion = 10.0.40219.1
Project("{FAE04EC0-301F-11D3-BF4B-00C04F79EFBC}") = "WindowsFolders 123", "WindowsFolders 123\WindowsFolders 123.csproj", "{FDC0C265-A73F-4DD8-8CD8-45BBD9EA96DD}"
EndProject
Project("{FAE04EC0-301F-11D3-BF4B-00C04F79EFBC}") = "prueba2", "prueba2\prueba2.csproj", "{B4BA8031-4E85-40F2-A81C-0E3CFC3F1B2D}"
EndProject
Global
	GlobalSection(SolutionConfigurationPlatforms) = preSolution
		Debug|Any CPU = Debug|Any CPU
		Release|Any CPU = Release|Any CPU
	EndGlobalSection
	GlobalSection(ProjectConfigurationPlatforms) = postSolution
		{FDC0C265-A73F-4DD8-8CD8-45BBD9EA96DD}.Debug|Any CPU.ActiveCfg = Debug|Any CPU
		{FDC0C265-A73F-4DD8-8CD8-45BBD9EA96DD}.Debug|Any CPU.Build.0 = Debug|Any CPU
		{FDC0C265-A73F-4DD8-8CD8-45BBD9EA96DD}.Release|Any CPU.ActiveCfg = Release|Any CPU
		{FDC0C265-A73F-4DD8-8CD8-45BBD9EA96DD}.Release|Any CPU.Build.0 = Release|Any CPU
		{B4BA8031-4E85-40F2-A81C-0E3CFC3F1B2D}.Debug|Any CPU.ActiveCfg = Debug|Any CPU
		{B4BA8031-4E85-40F2-A81C-0E3CFC3F1B2D}.Debug|Any CPU.Build.0 = Debug|Any CPU
		{B4BA8031-4E85-40F2-A81C-0E3CFC3F1B2D}.Release|Any CPU.ActiveCfg = Release|Any CPU
		{B4BA8031-4E85-40F2-A81C-0E3CFC3F1B2D}.Release|Any CPU.Build.0 = Release|Any CPU
	EndGlobalSection
	GlobalSection(SolutionProperties) = preSolution
		HideSolutionNode = FALSE
	EndGlobalSection
	GlobalSection(ExtensibilityGlobals) = postSolution
		SolutionGuid = {DAFDB14C-2947-488D-9E4C-EB1FCA855140}
	EndGlobalSection
EndGlobal
